<?xml version="1.0" encoding="utf-8"?>
<Project ToolsVersion="4.0" xmlns="http://schemas.microsoft.com/developer/msbuild/2003">
  <ItemGroup>
    <Filter Include="Source Files">
      <UniqueIdentifier>{4FC737F1-C7A5-4376-A066-2A32D752A2FF}</UniqueIdentifier>
      <Extensions>cpp;c;cc;cxx;def;odl;idl;hpj;bat;asm;asmx</Extensions>
    </Filter>
    <Filter Include="Header Files">
      <UniqueIdentifier>{93995380-89BD-4b04-88EB-625FBE52EBFB}</UniqueIdentifier>
      <Extensions>h;hh;hpp;hxx;hm;inl;inc;ipp;xsd</Extensions>
    </Filter>
    <Filter Include="Resource Files">
      <UniqueIdentifier>{67DA6AB6-F800-4c08-8B7A-83BB121AAD01}</UniqueIdentifier>
      <Extensions>rc;ico;cur;bmp;dlg;rc2;rct;bin;rgs;gif;jpg;jpeg;jpe;resx;tiff;tif;png;wav;mfcribbon-ms</Extensions>
    </Filter>
    <Filter Include="Source Files\Chapter3">
      <UniqueIdentifier>{8210fff3-d601-4573-9e91-2245d0796e10}</UniqueIdentifier>
    </Filter>
    <Filter Include="Source Files\Chapter 4">
      <UniqueIdentifier>{cf13173c-42f0-432d-89f5-3d9c1a9e381b}</UniqueIdentifier>
    </Filter>
  </ItemGroup>
  <ItemGroup>
    <ClCompile Include="Stroutstrup.cpp">
      <Filter>Source Files</Filter>
    </ClCompile>
    <ClCompile Include="NameAndAge.cpp">
      <Filter>Source Files\Chapter3</Filter>
    </ClCompile>
    <ClCompile Include="Arithmetics.cpp">
      <Filter>Source Files\Chapter3</Filter>
    </ClCompile>
    <ClCompile Include="StringRepeatDetection.cpp">
      <Filter>Source Files\Chapter3</Filter>
    </ClCompile>
    <ClCompile Include="SimpleFormLetter.cpp">
      <Filter>Source Files\Chapter3</Filter>
    </ClCompile>
  </ItemGroup>
  <ItemGroup>
    <ClInclude Include="std_lib_facilities.h">
      <Filter>Header Files</Filter>
    </ClInclude>
  </ItemGroup>
</Project>